
Microsoft Visual Studio Solution File, Format Version 12.00
# Visual Studio Version 17
VisualStudioVersion = 17.14.36203.30 d17.14
MinimumVisualStudioVersion = 10.0.40219.1
Project("{FAE04EC0-301F-11D3-BF4B-00C04F79EFBC}") = "library_system", "library_sertif\library_system.csproj", "{ED72127E-9E76-4802-937E-989D3D9217EA}"
EndProject
Global
	GlobalSection(SolutionConfigurationPlatforms) = preSolution
		Debug|Any CPU = Debug|Any CPU
		Release|Any CPU = Release|Any CPU
	EndGlobalSection
	GlobalSection(ProjectConfigurationPlatforms) = postSolution
		{ED72127E-9E76-4802-937E-989D3D9217EA}.Debug|Any CPU.ActiveCfg = Debug|Any CPU
		{ED72127E-9E76-4802-937E-989D3D9217EA}.Debug|Any CPU.Build.0 = Debug|Any CPU
		{ED72127E-9E76-4802-937E-989D3D9217EA}.Release|Any CPU.ActiveCfg = Release|Any CPU
		{ED72127E-9E76-4802-937E-989D3D9217EA}.Release|Any CPU.Build.0 = Release|Any CPU
	EndGlobalSection
	GlobalSection(SolutionProperties) = preSolution
		HideSolutionNode = FALSE
	EndGlobalSection
	GlobalSection(ExtensibilityGlobals) = postSolution
		SolutionGuid = {908E8A27-D299-4ED7-9758-CAD0879621EC}
	EndGlobalSection
EndGlobal
